
Microsoft Visual Studio Solution File, Format Version 12.00
# Visual Studio Version 17
VisualStudioVersion = 17.5.002.0
MinimumVisualStudioVersion = 10.0.40219.1
Project("{9A19103F-16F7-4668-BE54-9A1E7A4F7556}") = "task1", "task1.csproj", "{37D59F4F-3C12-4C4D-AC25-581C69D4257F}"
EndProject
Global
	GlobalSection(SolutionConfigurationPlatforms) = preSolution
		Debug|Any CPU = Debug|Any CPU
		Release|Any CPU = Release|Any CPU
	EndGlobalSection
	GlobalSection(ProjectConfigurationPlatforms) = postSolution
		{37D59F4F-3C12-4C4D-AC25-581C69D4257F}.Debug|Any CPU.ActiveCfg = Debug|Any CPU
		{37D59F4F-3C12-4C4D-AC25-581C69D4257F}.Debug|Any CPU.Build.0 = Debug|Any CPU
		{37D59F4F-3C12-4C4D-AC25-581C69D4257F}.Release|Any CPU.ActiveCfg = Release|Any CPU
		{37D59F4F-3C12-4C4D-AC25-581C69D4257F}.Release|Any CPU.Build.0 = Release|Any CPU
	EndGlobalSection
	GlobalSection(SolutionProperties) = preSolution
		HideSolutionNode = FALSE
	EndGlobalSection
	GlobalSection(ExtensibilityGlobals) = postSolution
		SolutionGuid = {A8282778-62F9-4C47-A786-B93A587F25F7}
	EndGlobalSection
EndGlobal
